
Microsoft Visual Studio Solution File, Format Version 12.00
Project("{FAE04EC0-301F-11D3-BF4B-00C04F79EFBC}") = "TradeCli", "TradeCli\TradeCli.csproj", "{D5669B0F-12EA-4B97-89FD-F86C95D1FDD8}"
EndProject
Global
	GlobalSection(SolutionConfigurationPlatforms) = preSolution
		Debug|Any CPU = Debug|Any CPU
		Release|Any CPU = Release|Any CPU
	EndGlobalSection
	GlobalSection(ProjectConfigurationPlatforms) = postSolution
		{D5669B0F-12EA-4B97-89FD-F86C95D1FDD8}.Debug|Any CPU.ActiveCfg = Debug|Any CPU
		{D5669B0F-12EA-4B97-89FD-F86C95D1FDD8}.Debug|Any CPU.Build.0 = Debug|Any CPU
		{D5669B0F-12EA-4B97-89FD-F86C95D1FDD8}.Release|Any CPU.ActiveCfg = Release|Any CPU
		{D5669B0F-12EA-4B97-89FD-F86C95D1FDD8}.Release|Any CPU.Build.0 = Release|Any CPU
	EndGlobalSection
EndGlobal
